{
  "name": "josh.benchmarking.visualization",
  "lockfileVersion": 2,
  "requires": true,
  "packages": {
    "": {
      "dependencies": {
        "edn-data": "^1.0.0"
      }
    },
    "node_modules/edn-data": {
      "version": "1.0.0",
      "resolved": "https://registry.npmjs.org/edn-data/-/edn-data-1.0.0.tgz",
      "integrity": "sha512-APhRwwveKvsK193tw4ZBxCU6HRgBtuZ3sXt1G+czxZImNVOqYUWdQDIs4CpRFWfSQh//mPwgyBB0Qv7aUDmoFA==",
      "engines": {
        "node": ">=12.0.0"
      }
    }
  },
  "dependencies": {
    "edn-data": {
      "version": "1.0.0",
      "resolved": "https://registry.npmjs.org/edn-data/-/edn-data-1.0.0.tgz",
      "integrity": "sha512-APhRwwveKvsK193tw4ZBxCU6HRgBtuZ3sXt1G+czxZImNVOqYUWdQDIs4CpRFWfSQh//mPwgyBB0Qv7aUDmoFA=="
    }
  }
}
